
Microsoft Visual Studio Solution File, Format Version 12.00
# Visual Studio Version 16
VisualStudioVersion = 16.0.31019.35
MinimumVisualStudioVersion = 10.0.40219.1
Project("{FAE04EC0-301F-11D3-BF4B-00C04F79EFBC}") = "MeetingsAPI", "MeetingsAPI\MeetingsAPI.csproj", "{0B305CA2-A779-4A79-8E68-5788170F5822}"
EndProject
Global
	GlobalSection(SolutionConfigurationPlatforms) = preSolution
		Debug|Any CPU = Debug|Any CPU
		Release|Any CPU = Release|Any CPU
	EndGlobalSection
	GlobalSection(ProjectConfigurationPlatforms) = postSolution
		{0B305CA2-A779-4A79-8E68-5788170F5822}.Debug|Any CPU.ActiveCfg = Debug|Any CPU
		{0B305CA2-A779-4A79-8E68-5788170F5822}.Debug|Any CPU.Build.0 = Debug|Any CPU
		{0B305CA2-A779-4A79-8E68-5788170F5822}.Release|Any CPU.ActiveCfg = Release|Any CPU
		{0B305CA2-A779-4A79-8E68-5788170F5822}.Release|Any CPU.Build.0 = Release|Any CPU
	EndGlobalSection
	GlobalSection(SolutionProperties) = preSolution
		HideSolutionNode = FALSE
	EndGlobalSection
	GlobalSection(ExtensibilityGlobals) = postSolution
		SolutionGuid = {DF578FFB-27BF-45BE-9B8F-F6F4563AA3E6}
	EndGlobalSection
EndGlobal
